{
  "name": "big-rational-ts",
  "version": "1.0.0",
  "lockfileVersion": 3,
  "requires": true,
  "packages": {
    "": {
      "name": "big-rational-ts",
      "version": "1.0.0",
      "dependencies": {
        "big-integer": "^1.6.51"
      },
      "devDependencies": {
        "bun-types": "latest"
      },
      "peerDependencies": {
        "typescript": "^5.0.0"
      }
    },
    "node_modules/big-integer": {
      "version": "1.6.51",
      "license": "Unlicense",
      "engines": {
        "node": ">=0.6"
      }
    },
    "node_modules/bun-types": {
      "version": "1.0.1",
      "resolved": "https://registry.npmjs.org/bun-types/-/bun-types-1.0.1.tgz",
      "integrity": "sha512-7NrXqhMIaNKmWn2dSWEQ50znMZqrN/5Z0NBMXvQTRu/+Y1CvoXRznFy0pnqLe024CeZgVdXoEpARNO1JZLAPGw==",
      "dev": true
    },
    "node_modules/typescript": {
      "version": "5.2.2",
      "resolved": "https://registry.npmjs.org/typescript/-/typescript-5.2.2.tgz",
      "integrity": "sha512-mI4WrpHsbCIcwT9cF4FZvr80QUeKvsUsUvKDoR+X/7XHQH98xYD8YHZg7ANtz2GtZt/CBq2QJ0thkGJMHfqc1w==",
      "peer": true,
      "bin": {
        "tsc": "bin/tsc",
        "tsserver": "bin/tsserver"
      },
      "engines": {
        "node": ">=14.17"
      }
    }
  }
}
